// !$*UTF8*$!
{
	archiveVersion = 1;
	classes = {
	};
	objectVersion = 77;
	objects = {

/* Begin PBXContainerItemProxy section */
		3AA6E3DA2E256385003F7820 /* PBXContainerItemProxy */ = {
			isa = PBXContainerItemProxy;
			containerPortal = 3AA6E3C32E256384003F7820 /* Project object */;
			proxyType = 1;
			remoteGlobalIDString = 3AA6E3CA2E256384003F7820;
			remoteInfo = DPIManager;
		};
		3AA6E3E42E256385003F7820 /* PBXContainerItemProxy */ = {
			isa = PBXContainerItemProxy;
			containerPortal = 3AA6E3C32E256384003F7820 /* Project object */;
			proxyType = 1;
			remoteGlobalIDString = 3AA6E3CA2E256384003F7820;
			remoteInfo = DPIManager;
		};
/* End PBXContainerItemProxy section */

/* Begin PBXFileReference section */
		3AA6E3CB2E256384003F7820 /* DPIManager.app */ = {isa = PBXFileReference; explicitFileType = wrapper.application; includeInIndex = 0; path = DPIManager.app; sourceTree = BUILT_PRODUCTS_DIR; };
		3AA6E3D92E256385003F7820 /* DPIManagerTests.xctest */ = {isa = PBXFileReference; explicitFileType = wrapper.cfbundle; includeInIndex = 0; path = DPIManagerTests.xctest; sourceTree = BUILT_PRODUCTS_DIR; };
		3AA6E3E32E256385003F7820 /* DPIManagerUITests.xctest */ = {isa = PBXFileReference; explicitFileType = wrapper.cfbundle; includeInIndex = 0; path = DPIManagerUITests.xctest; sourceTree = BUILT_PRODUCTS_DIR; };
/* End PBXFileReference section */

/* Begin PBXFileSystemSynchronizedRootGroup section */
		3AA6E3CD2E256384003F7820 /* DPIManager */ = {
			isa = PBXFileSystemSynchronizedRootGroup;
			path = DPIManager;
			sourceTree = "<group>";
		};
		3AA6E3DC2E256385003F7820 /* DPIManagerTests */ = {
			isa = PBXFileSystemSynchronizedRootGroup;
			path = DPIManagerTests;
			sourceTree = "<group>";
		};
		3AA6E3E62E256385003F7820 /* DPIManagerUITests */ = {
			isa = PBXFileSystemSynchronizedRootGroup;
			path = DPIManagerUITests;
			sourceTree = "<group>";
		};
/* End PBXFileSystemSynchronizedRootGroup section */

/* Begin PBXFrameworksBuildPhase section */
		3AA6E3C82E256384003F7820 /* Frameworks */ = {
			isa = PBXFrameworksBuildPhase;
			buildActionMask = 2147483647;
			files = (
			);
			runOnlyForDeploymentPostprocessing = 0;
		};
		3AA6E3D62E256385003F7820 /* Frameworks */ = {
			isa = PBXFrameworksBuildPhase;
			buildActionMask = 2147483647;
			files = (
			);
			runOnlyForDeploymentPostprocessing = 0;
		};
		3AA6E3E02E256385003F7820 /* Frameworks */ = {
			isa = PBXFrameworksBuildPhase;
			buildActionMask = 2147483647;
			files = (
			);
			runOnlyForDeploymentPostprocessing = 0;
		};
/* End PBXFrameworksBuildPhase section */

/* Begin PBXGroup section */
		3AA6E3C22E256384003F7820 = {
			isa = PBXGroup;
			children = (
				3AA6E3CD2E256384003F7820 /* DPIManager */,
				3AA6E3DC2E256385003F7820 /* DPIManagerTests */,
				3AA6E3E62E256385003F7820 /* DPIManagerUITests */,
				3AA6E3CC2E256384003F7820 /* Products */,
			);
			sourceTree = "<group>";
		};
		3AA6E3CC2E256384003F7820 /* Products */ = {
			isa = PBXGroup;
			children = (
				3AA6E3CB2E256384003F7820 /* DPIManager.app */,
				3AA6E3D92E256385003F7820 /* DPIManagerTests.xctest */,
				3AA6E3E32E256385003F7820 /* DPIManagerUITests.xctest */,
			);
			name = Products;
			sourceTree = "<group>";
		};
/* End PBXGroup section */

/* Begin PBXNativeTarget section */
		3AA6E3CA2E256384003F7820 /* DPIManager */ = {
			isa = PBXNativeTarget;
			buildConfigurationList = 3AA6E3ED2E256385003F7820 /* Build configuration list for PBXNativeTarget "DPIManager" */;
			buildPhases = (
				3AA6E3C72E256384003F7820 /* Sources */,
				3AA6E3C82E256384003F7820 /* Frameworks */,
				3AA6E3C92E256384003F7820 /* Resources */,
			);
			buildRules = (
			);
			dependencies = (
			);
			fileSystemSynchronizedGroups = (
				3AA6E3CD2E256384003F7820 /* DPIManager */,
			);
			name = DPIManager;
			packageProductDependencies = (
			);
			productName = DPIManager;
			productReference = 3AA6E3CB2E256384003F7820 /* DPIManager.app */;
			productType = "com.apple.product-type.application";
		};
		3AA6E3D82E256385003F7820 /* DPIManagerTests */ = {
			isa = PBXNativeTarget;
			buildConfigurationList = 3AA6E3F02E256385003F7820 /* Build configuration list for PBXNativeTarget "DPIManagerTests" */;
			buildPhases = (
				3AA6E3D52E256385003F7820 /* Sources */,
				3AA6E3D62E256385003F7820 /* Frameworks */,
				3AA6E3D72E256385003F7820 /* Resources */,
			);
			buildRules = (
			);
			dependencies = (
				3AA6E3DB2E256385003F7820 /* PBXTargetDependency */,
			);
			fileSystemSynchronizedGroups = (
				3AA6E3DC2E256385003F7820 /* DPIManagerTests */,
			);
			name = DPIManagerTests;
			packageProductDependencies = (
			);
			productName = DPIManagerTests;
			productReference = 3AA6E3D92E256385003F7820 /* DPIManagerTests.xctest */;
			productType = "com.apple.product-type.bundle.unit-test";
		};
		3AA6E3E22E256385003F7820 /* DPIManagerUITests */ = {
			isa = PBXNativeTarget;
			buildConfigurationList = 3AA6E3F32E256385003F7820 /* Build configuration list for PBXNativeTarget "DPIManagerUITests" */;
			buildPhases = (
				3AA6E3DF2E256385003F7820 /* Sources */,
				3AA6E3E02E256385003F7820 /* Frameworks */,
				3AA6E3E12E256385003F7820 /* Resources */,
			);
			buildRules = (
			);
			dependencies = (
				3AA6E3E52E256385003F7820 /* PBXTargetDependency */,
			);
			fileSystemSynchronizedGroups = (
				3AA6E3E62E256385003F7820 /* DPIManagerUITests */,
			);
			name = DPIManagerUITests;
			packageProductDependencies = (
			);
			productName = DPIManagerUITests;
			productReference = 3AA6E3E32E256385003F7820 /* DPIManagerUITests.xctest */;
			productType = "com.apple.product-type.bundle.ui-testing";
		};
/* End PBXNativeTarget section */

/* Begin PBXProject section */
		3AA6E3C32E256384003F7820 /* Project object */ = {
			isa = PBXProject;
			attributes = {
				BuildIndependentTargetsInParallel = 1;
				LastSwiftUpdateCheck = 1640;
				LastUpgradeCheck = 1640;
				TargetAttributes = {
					3AA6E3CA2E256384003F7820 = {
						CreatedOnToolsVersion = 16.4;
					};
					3AA6E3D82E256385003F7820 = {
						CreatedOnToolsVersion = 16.4;
						TestTargetID = 3AA6E3CA2E256384003F7820;
					};
					3AA6E3E22E256385003F7820 = {
						CreatedOnToolsVersion = 16.4;
						TestTargetID = 3AA6E3CA2E256384003F7820;
					};
				};
			};
			buildConfigurationList = 3AA6E3C62E256384003F7820 /* Build configuration list for PBXProject "DPIManager" */;
			developmentRegion = en;
			hasScannedForEncodings = 0;
			knownRegions = (
				en,
				Base,
			);
			mainGroup = 3AA6E3C22E256384003F7820;
			minimizedProjectReferenceProxies = 1;
			preferredProjectObjectVersion = 77;
			productRefGroup = 3AA6E3CC2E256384003F7820 /* Products */;
			projectDirPath = "";
			projectRoot = "";
			targets = (
				3AA6E3CA2E256384003F7820 /* DPIManager */,
				3AA6E3D82E256385003F7820 /* DPIManagerTests */,
				3AA6E3E22E256385003F7820 /* DPIManagerUITests */,
			);
		};
/* End PBXProject section */

/* Begin PBXResourcesBuildPhase section */
		3AA6E3C92E256384003F7820 /* Resources */ = {
			isa = PBXResourcesBuildPhase;
			buildActionMask = 2147483647;
			files = (
			);
			runOnlyForDeploymentPostprocessing = 0;
		};
		3AA6E3D72E256385003F7820 /* Resources */ = {
			isa = PBXResourcesBuildPhase;
			buildActionMask = 2147483647;
			files = (
			);
			runOnlyForDeploymentPostprocessing = 0;
		};
		3AA6E3E12E256385003F7820 /* Resources */ = {
			isa = PBXResourcesBuildPhase;
			buildActionMask = 2147483647;
			files = (
			);
			runOnlyForDeploymentPostprocessing = 0;
		};
/* End PBXResourcesBuildPhase section */

/* Begin PBXSourcesBuildPhase section */
		3AA6E3C72E256384003F7820 /* Sources */ = {
			isa = PBXSourcesBuildPhase;
			buildActionMask = 2147483647;
			files = (
			);
			runOnlyForDeploymentPostprocessing = 0;
		};
		3AA6E3D52E256385003F7820 /* Sources */ = {
			isa = PBXSourcesBuildPhase;
			buildActionMask = 2147483647;
			files = (
			);
			runOnlyForDeploymentPostprocessing = 0;
		};
		3AA6E3DF2E256385003F7820 /* Sources */ = {
			isa = PBXSourcesBuildPhase;
			buildActionMask = 2147483647;
			files = (
			);
			runOnlyForDeploymentPostprocessing = 0;
		};
/* End PBXSourcesBuildPhase section */

/* Begin PBXTargetDependency section */
		3AA6E3DB2E256385003F7820 /* PBXTargetDependency */ = {
			isa = PBXTargetDependency;
			target = 3AA6E3CA2E256384003F7820 /* DPIManager */;
			targetProxy = 3AA6E3DA2E256385003F7820 /* PBXContainerItemProxy */;
		};
		3AA6E3E52E256385003F7820 /* PBXTargetDependency */ = {
			isa = PBXTargetDependency;
			target = 3AA6E3CA2E256384003F7820 /* DPIManager */;
			targetProxy = 3AA6E3E42E256385003F7820 /* PBXContainerItemProxy */;
		};
/* End PBXTargetDependency section */

/* Begin XCBuildConfiguration section */
		3AA6E3EB2E256385003F7820 /* Debug */ = {
			isa = XCBuildConfiguration;
			buildSettings = {
				ALWAYS_SEARCH_USER_PATHS = NO;
				ASSETCATALOG_COMPILER_GENERATE_SWIFT_ASSET_SYMBOL_EXTENSIONS = YES;
				CLANG_ANALYZER_NONNULL = YES;
				CLANG_ANALYZER_NUMBER_OBJECT_CONVERSION = YES_AGGRESSIVE;
				CLANG_CXX_LANGUAGE_STANDARD = "gnu++20";
				CLANG_ENABLE_MODULES = YES;
				CLANG_ENABLE_OBJC_ARC = YES;
				CLANG_ENABLE_OBJC_WEAK = YES;
				CLANG_WARN_BLOCK_CAPTURE_AUTORELEASING = YES;
				CLANG_WARN_BOOL_CONVERSION = YES;
				CLANG_WARN_COMMA = YES;
				CLANG_WARN_CONSTANT_CONVERSION = YES;
				CLANG_WARN_DEPRECATED_OBJC_IMPLEMENTATIONS = YES;
				CLANG_WARN_DIRECT_OBJC_ISA_USAGE = YES_ERROR;
				CLANG_WARN_DOCUMENTATION_COMMENTS = YES;
				CLANG_WARN_EMPTY_BODY = YES;
				CLANG_WARN_ENUM_CONVERSION = YES;
				CLANG_WARN_INFINITE_RECURSION = YES;
				CLANG_WARN_INT_CONVERSION = YES;
				CLANG_WARN_NON_LITERAL_NULL_CONVERSION = YES;
				CLANG_WARN_OBJC_IMPLICIT_RETAIN_SELF = YES;
				CLANG_WARN_OBJC_LITERAL_CONVERSION = YES;
				CLANG_WARN_OBJC_ROOT_CLASS = YES_ERROR;
				CLANG_WARN_QUOTED_INCLUDE_IN_FRAMEWORK_HEADER = YES;
				CLANG_WARN_RANGE_LOOP_ANALYSIS = YES;
				CLANG_WARN_STRICT_PROTOTYPES = YES;
				CLANG_WARN_SUSPICIOUS_MOVE = YES;
				CLANG_WARN_UNGUARDED_AVAILABILITY = YES_AGGRESSIVE;
				CLANG_WARN_UNREACHABLE_CODE = YES;
				CLANG_WARN__DUPLICATE_METHOD_MATCH = YES;
				COPY_PHASE_STRIP = NO;
				DEBUG_INFORMATION_FORMAT = dwarf;
				ENABLE_STRICT_OBJC_MSGSEND = YES;
				ENABLE_TESTABILITY = YES;
				ENABLE_USER_SCRIPT_SANDBOXING = YES;
				GCC_C_LANGUAGE_STANDARD = gnu17;
				GCC_DYNAMIC_NO_PIC = NO;
				GCC_NO_COMMON_BLOCKS = YES;
				GCC_OPTIMIZATION_LEVEL = 0;
				GCC_PREPROCESSOR_DEFINITIONS = (
					"DEBUG=1",
					"$(inherited)",
				);
				GCC_WARN_64_TO_32_BIT_CONVERSION = YES;
				GCC_WARN_ABOUT_RETURN_TYPE = YES_ERROR;
				GCC_WARN_UNDECLARED_SELECTOR = YES;
				GCC_WARN_UNINITIALIZED_AUTOS = YES_AGGRESSIVE;
				GCC_WARN_UNUSED_FUNCTION = YES;
				GCC_WARN_UNUSED_VARIABLE = YES;
				LOCALIZATION_PREFERS_STRING_CATALOGS = YES;
				MACOSX_DEPLOYMENT_TARGET = 15.5;
				MTL_ENABLE_DEBUG_INFO = INCLUDE_SOURCE;
				MTL_FAST_MATH = YES;
				ONLY_ACTIVE_ARCH = YES;
				SDKROOT = macosx;
				SWIFT_ACTIVE_COMPILATION_CONDITIONS = "DEBUG $(inherited)";
				SWIFT_OPTIMIZATION_LEVEL = "-Onone";
			};
			name = Debug;
		};
		3AA6E3EC2E256385003F7820 /* Release */ = {
			isa = XCBuildConfiguration;
			buildSettings = {
				ALWAYS_SEARCH_USER_PATHS = NO;
				ASSETCATALOG_COMPILER_GENERATE_SWIFT_ASSET_SYMBOL_EXTENSIONS = YES;
				CLANG_ANALYZER_NONNULL = YES;
				CLANG_ANALYZER_NUMBER_OBJECT_CONVERSION = YES_AGGRESSIVE;
				CLANG_CXX_LANGUAGE_STANDARD = "gnu++20";
				CLANG_ENABLE_MODULES = YES;
				CLANG_ENABLE_OBJC_ARC = YES;
				CLANG_ENABLE_OBJC_WEAK = YES;
				CLANG_WARN_BLOCK_CAPTURE_AUTORELEASING = YES;
				CLANG_WARN_BOOL_CONVERSION = YES;
				CLANG_WARN_COMMA = YES;
				CLANG_WARN_CONSTANT_CONVERSION = YES;
				CLANG_WARN_DEPRECATED_OBJC_IMPLEMENTATIONS = YES;
				CLANG_WARN_DIRECT_OBJC_ISA_USAGE = YES_ERROR;
				CLANG_WARN_DOCUMENTATION_COMMENTS = YES;
				CLANG_WARN_EMPTY_BODY = YES;
				CLANG_WARN_ENUM_CONVERSION = YES;
				CLANG_WARN_INFINITE_RECURSION = YES;
				CLANG_WARN_INT_CONVERSION = YES;
				CLANG_WARN_NON_LITERAL_NULL_CONVERSION = YES;
				CLANG_WARN_OBJC_IMPLICIT_RETAIN_SELF = YES;
				CLANG_WARN_OBJC_LITERAL_CONVERSION = YES;
				CLANG_WARN_OBJC_ROOT_CLASS = YES_ERROR;
				CLANG_WARN_QUOTED_INCLUDE_IN_FRAMEWORK_HEADER = YES;
				CLANG_WARN_RANGE_LOOP_ANALYSIS = YES;
				CLANG_WARN_STRICT_PROTOTYPES = YES;
				CLANG_WARN_SUSPICIOUS_MOVE = YES;
				CLANG_WARN_UNGUARDED_AVAILABILITY = YES_AGGRESSIVE;
				CLANG_WARN_UNREACHABLE_CODE = YES;
				CLANG_WARN__DUPLICATE_METHOD_MATCH = YES;
				COPY_PHASE_STRIP = NO;
				DEBUG_INFORMATION_FORMAT = "dwarf-with-dsym";
				ENABLE_NS_ASSERTIONS = NO;
				ENABLE_STRICT_OBJC_MSGSEND = YES;
				ENABLE_USER_SCRIPT_SANDBOXING = YES;
				GCC_C_LANGUAGE_STANDARD = gnu17;
				GCC_NO_COMMON_BLOCKS = YES;
				GCC_WARN_64_TO_32_BIT_CONVERSION = YES;
				GCC_WARN_ABOUT_RETURN_TYPE = YES_ERROR;
				GCC_WARN_UNDECLARED_SELECTOR = YES;
				GCC_WARN_UNINITIALIZED_AUTOS = YES_AGGRESSIVE;
				GCC_WARN_UNUSED_FUNCTION = YES;
				GCC_WARN_UNUSED_VARIABLE = YES;
				LOCALIZATION_PREFERS_STRING_CATALOGS = YES;
				MACOSX_DEPLOYMENT_TARGET = 15.5;
				MTL_ENABLE_DEBUG_INFO = NO;
				MTL_FAST_MATH = YES;
				SDKROOT = macosx;
				SWIFT_COMPILATION_MODE = wholemodule;
			};
			name = Release;
		};
		3AA6E3EE2E256385003F7820 /* Debug */ = {
			isa = XCBuildConfiguration;
			buildSettings = {
				ASSETCATALOG_COMPILER_APPICON_NAME = AppIcon;
				ASSETCATALOG_COMPILER_GLOBAL_ACCENT_COLOR_NAME = AccentColor;
				CODE_SIGN_ENTITLEMENTS = DPIManager/DPIManager.entitlements;
				CODE_SIGN_STYLE = Automatic;
				COMBINE_HIDPI_IMAGES = YES;
				CURRENT_PROJECT_VERSION = 1;
				ENABLE_PREVIEWS = YES;
				GENERATE_INFOPLIST_FILE = YES;
				INFOPLIST_KEY_NSHumanReadableCopyright = "";
				LD_RUNPATH_SEARCH_PATHS = (
					"$(inherited)",
					"@executable_path/../Frameworks",
				);
				MARKETING_VERSION = 1.0;
				PRODUCT_BUNDLE_IDENTIFIER = bloody.DPIManager;
				PRODUCT_NAME = "$(TARGET_NAME)";
				REGISTER_APP_GROUPS = YES;
				SWIFT_EMIT_LOC_STRINGS = YES;
				SWIFT_VERSION = 5.0;
			};
			name = Debug;
		};
		3AA6E3EF2E256385003F7820 /* Release */ = {
			isa = XCBuildConfiguration;
			buildSettings = {
				ASSETCATALOG_COMPILER_APPICON_NAME = AppIcon;
				ASSETCATALOG_COMPILER_GLOBAL_ACCENT_COLOR_NAME = AccentColor;
				CODE_SIGN_ENTITLEMENTS = DPIManager/DPIManager.entitlements;
				CODE_SIGN_STYLE = Automatic;
				COMBINE_HIDPI_IMAGES = YES;
				CURRENT_PROJECT_VERSION = 1;
				ENABLE_PREVIEWS = YES;
				GENERATE_INFOPLIST_FILE = YES;
				INFOPLIST_KEY_NSHumanReadableCopyright = "";
				LD_RUNPATH_SEARCH_PATHS = (
					"$(inherited)",
					"@executable_path/../Frameworks",
				);
				MARKETING_VERSION = 1.0;
				PRODUCT_BUNDLE_IDENTIFIER = bloody.DPIManager;
				PRODUCT_NAME = "$(TARGET_NAME)";
				REGISTER_APP_GROUPS = YES;
				SWIFT_EMIT_LOC_STRINGS = YES;
				SWIFT_VERSION = 5.0;
			};
			name = Release;
		};
		3AA6E3F12E256385003F7820 /* Debug */ = {
			isa = XCBuildConfiguration;
			buildSettings = {
				BUNDLE_LOADER = "$(TEST_HOST)";
				CODE_SIGN_STYLE = Automatic;
				CURRENT_PROJECT_VERSION = 1;
				GENERATE_INFOPLIST_FILE = YES;
				MACOSX_DEPLOYMENT_TARGET = 15.5;
				MARKETING_VERSION = 1.0;
				PRODUCT_BUNDLE_IDENTIFIER = bloody.DPIManagerTests;
				PRODUCT_NAME = "$(TARGET_NAME)";
				SWIFT_EMIT_LOC_STRINGS = NO;
				SWIFT_VERSION = 5.0;
				TEST_HOST = "$(BUILT_PRODUCTS_DIR)/DPIManager.app/$(BUNDLE_EXECUTABLE_FOLDER_PATH)/DPIManager";
			};
			name = Debug;
		};
		3AA6E3F22E256385003F7820 /* Release */ = {
			isa = XCBuildConfiguration;
			buildSettings = {
				BUNDLE_LOADER = "$(TEST_HOST)";
				CODE_SIGN_STYLE = Automatic;
				CURRENT_PROJECT_VERSION = 1;
				GENERATE_INFOPLIST_FILE = YES;
				MACOSX_DEPLOYMENT_TARGET = 15.5;
				MARKETING_VERSION = 1.0;
				PRODUCT_BUNDLE_IDENTIFIER = bloody.DPIManagerTests;
				PRODUCT_NAME = "$(TARGET_NAME)";
				SWIFT_EMIT_LOC_STRINGS = NO;
				SWIFT_VERSION = 5.0;
				TEST_HOST = "$(BUILT_PRODUCTS_DIR)/DPIManager.app/$(BUNDLE_EXECUTABLE_FOLDER_PATH)/DPIManager";
			};
			name = Release;
		};
		3AA6E3F42E256385003F7820 /* Debug */ = {
			isa = XCBuildConfiguration;
			buildSettings = {
				CODE_SIGN_STYLE = Automatic;
				CURRENT_PROJECT_VERSION = 1;
				GENERATE_INFOPLIST_FILE = YES;
				MARKETING_VERSION = 1.0;
				PRODUCT_BUNDLE_IDENTIFIER = bloody.DPIManagerUITests;
				PRODUCT_NAME = "$(TARGET_NAME)";
				SWIFT_EMIT_LOC_STRINGS = NO;
				SWIFT_VERSION = 5.0;
				TEST_TARGET_NAME = DPIManager;
			};
			name = Debug;
		};
		3AA6E3F52E256385003F7820 /* Release */ = {
			isa = XCBuildConfiguration;
			buildSettings = {
				CODE_SIGN_STYLE = Automatic;
				CURRENT_PROJECT_VERSION = 1;
				GENERATE_INFOPLIST_FILE = YES;
				MARKETING_VERSION = 1.0;
				PRODUCT_BUNDLE_IDENTIFIER = bloody.DPIManagerUITests;
				PRODUCT_NAME = "$(TARGET_NAME)";
				SWIFT_EMIT_LOC_STRINGS = NO;
				SWIFT_VERSION = 5.0;
				TEST_TARGET_NAME = DPIManager;
			};
			name = Release;
		};
/* End XCBuildConfiguration section */

/* Begin XCConfigurationList section */
		3AA6E3C62E256384003F7820 /* Build configuration list for PBXProject "DPIManager" */ = {
			isa = XCConfigurationList;
			buildConfigurations = (
				3AA6E3EB2E256385003F7820 /* Debug */,
				3AA6E3EC2E256385003F7820 /* Release */,
			);
			defaultConfigurationIsVisible = 0;
			defaultConfigurationName = Release;
		};
		3AA6E3ED2E256385003F7820 /* Build configuration list for PBXNativeTarget "DPIManager" */ = {
			isa = XCConfigurationList;
			buildConfigurations = (
				3AA6E3EE2E256385003F7820 /* Debug */,
				3AA6E3EF2E256385003F7820 /* Release */,
			);
			defaultConfigurationIsVisible = 0;
			defaultConfigurationName = Release;
		};
		3AA6E3F02E256385003F7820 /* Build configuration list for PBXNativeTarget "DPIManagerTests" */ = {
			isa = XCConfigurationList;
			buildConfigurations = (
				3AA6E3F12E256385003F7820 /* Debug */,
				3AA6E3F22E256385003F7820 /* Release */,
			);
			defaultConfigurationIsVisible = 0;
			defaultConfigurationName = Release;
		};
		3AA6E3F32E256385003F7820 /* Build configuration list for PBXNativeTarget "DPIManagerUITests" */ = {
			isa = XCConfigurationList;
			buildConfigurations = (
				3AA6E3F42E256385003F7820 /* Debug */,
				3AA6E3F52E256385003F7820 /* Release */,
			);
			defaultConfigurationIsVisible = 0;
			defaultConfigurationName = Release;
		};
/* End XCConfigurationList section */
	};
	rootObject = 3AA6E3C32E256384003F7820 /* Project object */;
}
